{
  "name": "ACS-3310-Assessment",
  "lockfileVersion": 3,
  "requires": true,
  "packages": {
    "": {
      "devDependencies": {
        "date-it": "^1.0.0",
        "string-it-on": "^1.1.1"
      }
    },
    "node_modules/date-it": {
      "version": "1.0.0",
      "resolved": "https://registry.npmjs.org/date-it/-/date-it-1.0.0.tgz",
      "integrity": "sha512-pYh0FY212nXF2L2OZYmPstwA5R31ZRwR0IC2uXdV2yySjxXWGzIGiNCfKe5Lqc69iVH1E3w0PDohGVBAa4LxSw==",
      "dev": true
    },
    "node_modules/string-it-on": {
      "version": "1.1.1",
      "resolved": "https://registry.npmjs.org/string-it-on/-/string-it-on-1.1.1.tgz",
      "integrity": "sha512-T/Q1hdvuDHeLMl+CVFFBbEQDCmUpoykJiFc82Ir7g8M0ixX7YFYtkw8TY/GZM5x+s2T82uwMpqmDxI3kyIEa+g==",
      "dev": true
    }
  }
}
